
Microsoft Visual Studio Solution File, Format Version 12.00
# Visual Studio Version 17
VisualStudioVersion = 17.0.31903.59
MinimumVisualStudioVersion = 10.0.40219.1
Project("{9A19103F-16F7-4668-BE54-9A1E7A4F7556}") = "YouTubeShortsAutomator", "YouTubeShortsAutomator.csproj", "{7A9EAB80-115B-4024-9C63-7952BC6599AD}"
EndProject
Project("{9A19103F-16F7-4668-BE54-9A1E7A4F7556}") = "youtube-shorts-automator", "youtube-shorts-automator.csproj", "{F8D2A30E-F729-47FB-973A-64E3038AA351}"
EndProject
Project("{9A19103F-16F7-4668-BE54-9A1E7A4F7556}") = "youtube-shorts-automator.Tests", "tests\youtube-shorts-automator.Tests\youtube-shorts-automator.Tests.csproj", "{D4F2B8A0-3C7E-4F9A-B6D8-1E0A2C4E6F82}"
EndProject
Project("{9A19103F-16F7-4668-BE54-9A1E7A4F7556}") = "youtube-shorts-automator.Benchmarks", "benchmarks\youtube-shorts-automator.Benchmarks\youtube-shorts-automator.Benchmarks.csproj", "{B5E9C3A2-8F1D-4E67-A539-2C4B0D7F6E91}"
EndProject
Global
	GlobalSection(SolutionConfigurationPlatforms) = preSolution
		Debug|Any CPU = Debug|Any CPU
		Release|Any CPU = Release|Any CPU
	EndGlobalSection
	GlobalSection(ProjectConfigurationPlatforms) = postSolution
		{7A9EAB80-115B-4024-9C63-7952BC6599AD}.Debug|Any CPU.ActiveCfg = Debug|Any CPU
		{7A9EAB80-115B-4024-9C63-7952BC6599AD}.Debug|Any CPU.Build.0 = Debug|Any CPU
		{7A9EAB80-115B-4024-9C63-7952BC6599AD}.Release|Any CPU.ActiveCfg = Release|Any CPU
		{7A9EAB80-115B-4024-9C63-7952BC6599AD}.Release|Any CPU.Build.0 = Release|Any CPU
		{F8D2A30E-F729-47FB-973A-64E3038AA351}.Debug|Any CPU.ActiveCfg = Debug|Any CPU
		{F8D2A30E-F729-47FB-973A-64E3038AA351}.Debug|Any CPU.Build.0 = Debug|Any CPU
		{F8D2A30E-F729-47FB-973A-64E3038AA351}.Release|Any CPU.ActiveCfg = Release|Any CPU
		{F8D2A30E-F729-47FB-973A-64E3038AA351}.Release|Any CPU.Build.0 = Release|Any CPU
		{D4F2B8A0-3C7E-4F9A-B6D8-1E0A2C4E6F82}.Debug|Any CPU.ActiveCfg = Debug|Any CPU
		{D4F2B8A0-3C7E-4F9A-B6D8-1E0A2C4E6F82}.Debug|Any CPU.Build.0 = Debug|Any CPU
		{D4F2B8A0-3C7E-4F9A-B6D8-1E0A2C4E6F82}.Release|Any CPU.ActiveCfg = Release|Any CPU
		{D4F2B8A0-3C7E-4F9A-B6D8-1E0A2C4E6F82}.Release|Any CPU.Build.0 = Release|Any CPU
		{B5E9C3A2-8F1D-4E67-A539-2C4B0D7F6E91}.Debug|Any CPU.ActiveCfg = Debug|Any CPU
		{B5E9C3A2-8F1D-4E67-A539-2C4B0D7F6E91}.Debug|Any CPU.Build.0 = Debug|Any CPU
		{B5E9C3A2-8F1D-4E67-A539-2C4B0D7F6E91}.Release|Any CPU.ActiveCfg = Release|Any CPU
		{B5E9C3A2-8F1D-4E67-A539-2C4B0D7F6E91}.Release|Any CPU.Build.0 = Release|Any CPU
	EndGlobalSection
	GlobalSection(SolutionProperties) = preSolution
		HideSolutionNode = FALSE
	EndGlobalSection
EndGlobal
